
Microsoft Visual Studio Solution File, Format Version 12.00
# Visual Studio 15
VisualStudioVersion = 15.0.28010.2026
MinimumVisualStudioVersion = 10.0.40219.1
Project("{FAE04EC0-301F-11D3-BF4B-00C04F79EFBC}") = "QLKhachSan", "QLKhachSan.csproj", "{98BA3C8F-7183-4576-A8DE-3CCCA9ACE654}"
EndProject
Global
	GlobalSection(SolutionConfigurationPlatforms) = preSolution
		Debug|Any CPU = Debug|Any CPU
		Release|Any CPU = Release|Any CPU
	EndGlobalSection
	GlobalSection(ProjectConfigurationPlatforms) = postSolution
		{98BA3C8F-7183-4576-A8DE-3CCCA9ACE654}.Debug|Any CPU.ActiveCfg = Debug|Any CPU
		{98BA3C8F-7183-4576-A8DE-3CCCA9ACE654}.Debug|Any CPU.Build.0 = Debug|Any CPU
		{98BA3C8F-7183-4576-A8DE-3CCCA9ACE654}.Release|Any CPU.ActiveCfg = Release|Any CPU
		{98BA3C8F-7183-4576-A8DE-3CCCA9ACE654}.Release|Any CPU.Build.0 = Release|Any CPU
	EndGlobalSection
	GlobalSection(SolutionProperties) = preSolution
		HideSolutionNode = FALSE
	EndGlobalSection
	GlobalSection(ExtensibilityGlobals) = postSolution
		SolutionGuid = {C552126D-DD99-4D22-AECC-1799FF052D17}
	EndGlobalSection
EndGlobal
